github.com/ethereum/go-ethereum v1.13.13 h1:KYn9w7pEWRI9oyZOzO94OVbctSusPByHdFDPj634jII=
github.com/ethereum/go-ethereum v1.13.13/go.mod h1:TN8ZiHrdJwSe8Cb6x+p0hs5CxhJZPbqB7hHkaUXcmIU=
github.com/holiman/uint256 v1.2.4 h1:jUc4Nk8fm9jZabQuqr2JzednajVmBpC+oiTiXZJEApU=
github.com/holiman/uint256 v1.2.4/go.mod h1:EOMSn4q6Nyt9P6efbI3bueV4e1b3dGlUCXeiRV4ng7E=
